
Microsoft Visual Studio Solution File, Format Version 12.00
# Visual Studio Version 17
VisualStudioVersion = 17.11.35303.130
MinimumVisualStudioVersion = 10.0.40219.1
Project("{2150E333-8FDC-42A3-9474-1A3956D46DE8}") = "Task0", "Task0", "{8FC8F915-BDBB-4067-8EE5-9023F73CA1D9}"
EndProject
Project("{9A19103F-16F7-4668-BE54-9A1E7A4F7556}") = "Tyuiu.NazarovaKH.Sprint0.Task0.V0", "Tyuiu.NazarovaKH.Sprint0.Task0.V0\Tyuiu.NazarovaKH.Sprint0.Task0.V0.csproj", "{5C52F433-7913-4CD3-BF20-CB6E559D41E3}"
EndProject
Project("{2150E333-8FDC-42A3-9474-1A3956D46DE8}") = "Task1", "Task1", "{6FDA0547-5295-440A-9433-F34C9608B63E}"
EndProject
Project("{9A19103F-16F7-4668-BE54-9A1E7A4F7556}") = "Tyuiu.NazarovaKH.Sprint0.Task1.V0", "Tyuiu.NazarovaKH.Sprint0.Task1.V0\Tyuiu.NazarovaKH.Sprint0.Task1.V0.csproj", "{679040AE-9725-4F82-B813-53775894E642}"
EndProject
Project("{2150E333-8FDC-42A3-9474-1A3956D46DE8}") = "Task2", "Task2", "{D1E4E82E-2151-4C42-A292-7A1D23C10EA7}"
EndProject
Project("{FAE04EC0-301F-11D3-BF4B-00C04F79EFBC}") = "Tyuiu.NazarovaKH.Sprint0.Task2.V0", "Tyuiu.NazarovaKH.Sprint0.Task2.V0\Tyuiu.NazarovaKH.Sprint0.Task2.V0.csproj", "{9C1AD353-0F63-4726-BB9E-0553B490A3AC}"
EndProject
Project("{FAE04EC0-301F-11D3-BF4B-00C04F79EFBC}") = "Tyuiu.NazarovaKH.Sprint0.Task2.V0.Lib", "Tyuiu.NazarovaKH.Sprint0.Task2.V0.Lib\Tyuiu.NazarovaKH.Sprint0.Task2.V0.Lib.csproj", "{4FC4B6A7-21EF-453D-8BCB-D778DE271B32}"
EndProject
Project("{FAE04EC0-301F-11D3-BF4B-00C04F79EFBC}") = "Tyuiu.NazarovaKH.Sprint0.Task2.V0.Test", "Tyuiu.NazarovaKH.Sprint0.Task2.V0.Test\Tyuiu.NazarovaKH.Sprint0.Task2.V0.Test.csproj", "{1FE491AD-8E3E-46EC-808B-DA787BBF051B}"
EndProject
Project("{2150E333-8FDC-42A3-9474-1A3956D46DE8}") = "Task3", "Task3", "{E7994CA2-F3D3-4F52-A3CE-382FD44BD202}"
EndProject
Project("{FAE04EC0-301F-11D3-BF4B-00C04F79EFBC}") = "Tyuiu.NazarovaKH.Sprint0.Task3.V0", "Tyuiu.NazarovaKH.Sprint0.Task3.V0\Tyuiu.NazarovaKH.Sprint0.Task3.V0.csproj", "{1478CDA7-B158-43EB-89C9-6613BE5DA762}"
EndProject
Project("{FAE04EC0-301F-11D3-BF4B-00C04F79EFBC}") = "Tyuiu.NazarovaKH.Sprint0.Task3.V0.Lib", "Tyuiu.NazarovaKH.Sprint0.Task3.V0.Lib\Tyuiu.NazarovaKH.Sprint0.Task3.V0.Lib.csproj", "{B4442D60-FFA2-4FCD-8BFD-43A43152FFDD}"
EndProject
Project("{FAE04EC0-301F-11D3-BF4B-00C04F79EFBC}") = "Tyuiu.NazarovaKH.Sprint0.Task3.V0.Test", "Tyuiu.NazarovaKH.Sprint0.Task3.V0.Test\Tyuiu.NazarovaKH.Sprint0.Task3.V0.Test.csproj", "{998ABFD4-7AE1-430D-86C5-787CA9B7CBED}"
EndProject
Project("{2150E333-8FDC-42A3-9474-1A3956D46DE8}") = "Task4", "Task4", "{77DD1024-6622-4372-B521-055D052D6181}"
EndProject
Project("{FAE04EC0-301F-11D3-BF4B-00C04F79EFBC}") = "Tyuiu.NazarovaKH.Sprint0.Task4.V0", "Tyuiu.NazarovaKH.Sprint0.Task4.V0\Tyuiu.NazarovaKH.Sprint0.Task4.V0.csproj", "{8B859185-076A-4621-84CA-EB9C8588356F}"
EndProject
Project("{FAE04EC0-301F-11D3-BF4B-00C04F79EFBC}") = "Tyuiu.NazarovaKH.Sprint0.Task4.V0.Lib", "Tyuiu.NazarovaKH.Sprint0.Task4.V0.Lib\Tyuiu.NazarovaKH.Sprint0.Task4.V0.Lib.csproj", "{AB82D583-1404-4E5A-B4E5-A26368E99C11}"
EndProject
Project("{FAE04EC0-301F-11D3-BF4B-00C04F79EFBC}") = "Tyuiu.NazarovaKH.Sprint0.Task4.V0.Test", "Tyuiu.NazarovaKH.Sprint0.Task4.V0.Test\Tyuiu.NazarovaKH.Sprint0.Task4.V0.Test.csproj", "{2E177A6A-7F93-4213-B4C6-1E7BFBB7072C}"
EndProject
Project("{2150E333-8FDC-42A3-9474-1A3956D46DE8}") = "Task5", "Task5", "{978052C5-4044-4451-AEBA-7BAA7F07AD49}"
EndProject
Project("{FAE04EC0-301F-11D3-BF4B-00C04F79EFBC}") = "Tyuiu.NazarovaKH.Sprint0.Task5.V0", "Tyuiu.NazarovaKH.Sprint0.Task5.V0\Tyuiu.NazarovaKH.Sprint0.Task5.V0.csproj", "{57B00F5A-2212-4BC0-89EE-8D3F854353E4}"
EndProject
Project("{FAE04EC0-301F-11D3-BF4B-00C04F79EFBC}") = "Tyuiu.NazarovaKH.Sprint0.Task5.V0.Lib", "Tyuiu.NazarovaKH.Sprint0.Task5.V0.Lib\Tyuiu.NazarovaKH.Sprint0.Task5.V0.Lib.csproj", "{B3F91EAE-3E7C-4454-9436-D7302CEBA0EA}"
EndProject
Project("{FAE04EC0-301F-11D3-BF4B-00C04F79EFBC}") = "Tyuiu.NazarovaKH.Sprint0.Task5.V0.Test", "Tyuiu.NazarovaKH.Sprint0.Task5.V0.Test\Tyuiu.NazarovaKH.Sprint0.Task5.V0.Test.csproj", "{F8582D40-4EB0-44CC-AB71-3D5F9B998E41}"
EndProject
Global
	GlobalSection(SolutionConfigurationPlatforms) = preSolution
		Debug|Any CPU = Debug|Any CPU
		Release|Any CPU = Release|Any CPU
	EndGlobalSection
	GlobalSection(ProjectConfigurationPlatforms) = postSolution
		{5C52F433-7913-4CD3-BF20-CB6E559D41E3}.Debug|Any CPU.ActiveCfg = Debug|Any CPU
		{5C52F433-7913-4CD3-BF20-CB6E559D41E3}.Debug|Any CPU.Build.0 = Debug|Any CPU
		{5C52F433-7913-4CD3-BF20-CB6E559D41E3}.Release|Any CPU.ActiveCfg = Release|Any CPU
		{5C52F433-7913-4CD3-BF20-CB6E559D41E3}.Release|Any CPU.Build.0 = Release|Any CPU
		{679040AE-9725-4F82-B813-53775894E642}.Debug|Any CPU.ActiveCfg = Debug|Any CPU
		{679040AE-9725-4F82-B813-53775894E642}.Debug|Any CPU.Build.0 = Debug|Any CPU
		{679040AE-9725-4F82-B813-53775894E642}.Release|Any CPU.ActiveCfg = Release|Any CPU
		{679040AE-9725-4F82-B813-53775894E642}.Release|Any CPU.Build.0 = Release|Any CPU
		{9C1AD353-0F63-4726-BB9E-0553B490A3AC}.Debug|Any CPU.ActiveCfg = Debug|Any CPU
		{9C1AD353-0F63-4726-BB9E-0553B490A3AC}.Debug|Any CPU.Build.0 = Debug|Any CPU
		{9C1AD353-0F63-4726-BB9E-0553B490A3AC}.Release|Any CPU.ActiveCfg = Release|Any CPU
		{9C1AD353-0F63-4726-BB9E-0553B490A3AC}.Release|Any CPU.Build.0 = Release|Any CPU
		{4FC4B6A7-21EF-453D-8BCB-D778DE271B32}.Debug|Any CPU.ActiveCfg = Debug|Any CPU
		{4FC4B6A7-21EF-453D-8BCB-D778DE271B32}.Debug|Any CPU.Build.0 = Debug|Any CPU
		{4FC4B6A7-21EF-453D-8BCB-D778DE271B32}.Release|Any CPU.ActiveCfg = Release|Any CPU
		{4FC4B6A7-21EF-453D-8BCB-D778DE271B32}.Release|Any CPU.Build.0 = Release|Any CPU
		{1FE491AD-8E3E-46EC-808B-DA787BBF051B}.Debug|Any CPU.ActiveCfg = Debug|Any CPU
		{1FE491AD-8E3E-46EC-808B-DA787BBF051B}.Debug|Any CPU.Build.0 = Debug|Any CPU
		{1FE491AD-8E3E-46EC-808B-DA787BBF051B}.Release|Any CPU.ActiveCfg = Release|Any CPU
		{1FE491AD-8E3E-46EC-808B-DA787BBF051B}.Release|Any CPU.Build.0 = Release|Any CPU
		{1478CDA7-B158-43EB-89C9-6613BE5DA762}.Debug|Any CPU.ActiveCfg = Debug|Any CPU
		{1478CDA7-B158-43EB-89C9-6613BE5DA762}.Debug|Any CPU.Build.0 = Debug|Any CPU
		{1478CDA7-B158-43EB-89C9-6613BE5DA762}.Release|Any CPU.ActiveCfg = Release|Any CPU
		{1478CDA7-B158-43EB-89C9-6613BE5DA762}.Release|Any CPU.Build.0 = Release|Any CPU
		{B4442D60-FFA2-4FCD-8BFD-43A43152FFDD}.Debug|Any CPU.ActiveCfg = Debug|Any CPU
		{B4442D60-FFA2-4FCD-8BFD-43A43152FFDD}.Debug|Any CPU.Build.0 = Debug|Any CPU
		{B4442D60-FFA2-4FCD-8BFD-43A43152FFDD}.Release|Any CPU.ActiveCfg = Release|Any CPU
		{B4442D60-FFA2-4FCD-8BFD-43A43152FFDD}.Release|Any CPU.Build.0 = Release|Any CPU
		{998ABFD4-7AE1-430D-86C5-787CA9B7CBED}.Debug|Any CPU.ActiveCfg = Debug|Any CPU
		{998ABFD4-7AE1-430D-86C5-787CA9B7CBED}.Debug|Any CPU.Build.0 = Debug|Any CPU
		{998ABFD4-7AE1-430D-86C5-787CA9B7CBED}.Release|Any CPU.ActiveCfg = Release|Any CPU
		{998ABFD4-7AE1-430D-86C5-787CA9B7CBED}.Release|Any CPU.Build.0 = Release|Any CPU
		{8B859185-076A-4621-84CA-EB9C8588356F}.Debug|Any CPU.ActiveCfg = Debug|Any CPU
		{8B859185-076A-4621-84CA-EB9C8588356F}.Debug|Any CPU.Build.0 = Debug|Any CPU
		{8B859185-076A-4621-84CA-EB9C8588356F}.Release|Any CPU.ActiveCfg = Release|Any CPU
		{8B859185-076A-4621-84CA-EB9C8588356F}.Release|Any CPU.Build.0 = Release|Any CPU
		{AB82D583-1404-4E5A-B4E5-A26368E99C11}.Debug|Any CPU.ActiveCfg = Debug|Any CPU
		{AB82D583-1404-4E5A-B4E5-A26368E99C11}.Debug|Any CPU.Build.0 = Debug|Any CPU
		{AB82D583-1404-4E5A-B4E5-A26368E99C11}.Release|Any CPU.ActiveCfg = Release|Any CPU
		{AB82D583-1404-4E5A-B4E5-A26368E99C11}.Release|Any CPU.Build.0 = Release|Any CPU
		{2E177A6A-7F93-4213-B4C6-1E7BFBB7072C}.Debug|Any CPU.ActiveCfg = Debug|Any CPU
		{2E177A6A-7F93-4213-B4C6-1E7BFBB7072C}.Debug|Any CPU.Build.0 = Debug|Any CPU
		{2E177A6A-7F93-4213-B4C6-1E7BFBB7072C}.Release|Any CPU.ActiveCfg = Release|Any CPU
		{2E177A6A-7F93-4213-B4C6-1E7BFBB7072C}.Release|Any CPU.Build.0 = Release|Any CPU
		{57B00F5A-2212-4BC0-89EE-8D3F854353E4}.Debug|Any CPU.ActiveCfg = Debug|Any CPU
		{57B00F5A-2212-4BC0-89EE-8D3F854353E4}.Debug|Any CPU.Build.0 = Debug|Any CPU
		{57B00F5A-2212-4BC0-89EE-8D3F854353E4}.Release|Any CPU.ActiveCfg = Release|Any CPU
		{57B00F5A-2212-4BC0-89EE-8D3F854353E4}.Release|Any CPU.Build.0 = Release|Any CPU
		{B3F91EAE-3E7C-4454-9436-D7302CEBA0EA}.Debug|Any CPU.ActiveCfg = Debug|Any CPU
		{B3F91EAE-3E7C-4454-9436-D7302CEBA0EA}.Debug|Any CPU.Build.0 = Debug|Any CPU
		{B3F91EAE-3E7C-4454-9436-D7302CEBA0EA}.Release|Any CPU.ActiveCfg = Release|Any CPU
		{B3F91EAE-3E7C-4454-9436-D7302CEBA0EA}.Release|Any CPU.Build.0 = Release|Any CPU
		{F8582D40-4EB0-44CC-AB71-3D5F9B998E41}.Debug|Any CPU.ActiveCfg = Debug|Any CPU
		{F8582D40-4EB0-44CC-AB71-3D5F9B998E41}.Debug|Any CPU.Build.0 = Debug|Any CPU
		{F8582D40-4EB0-44CC-AB71-3D5F9B998E41}.Release|Any CPU.ActiveCfg = Release|Any CPU
		{F8582D40-4EB0-44CC-AB71-3D5F9B998E41}.Release|Any CPU.Build.0 = Release|Any CPU
	EndGlobalSection
	GlobalSection(SolutionProperties) = preSolution
		HideSolutionNode = FALSE
	EndGlobalSection
	GlobalSection(NestedProjects) = preSolution
		{5C52F433-7913-4CD3-BF20-CB6E559D41E3} = {8FC8F915-BDBB-4067-8EE5-9023F73CA1D9}
		{679040AE-9725-4F82-B813-53775894E642} = {6FDA0547-5295-440A-9433-F34C9608B63E}
		{9C1AD353-0F63-4726-BB9E-0553B490A3AC} = {D1E4E82E-2151-4C42-A292-7A1D23C10EA7}
		{4FC4B6A7-21EF-453D-8BCB-D778DE271B32} = {D1E4E82E-2151-4C42-A292-7A1D23C10EA7}
		{1FE491AD-8E3E-46EC-808B-DA787BBF051B} = {D1E4E82E-2151-4C42-A292-7A1D23C10EA7}
		{1478CDA7-B158-43EB-89C9-6613BE5DA762} = {E7994CA2-F3D3-4F52-A3CE-382FD44BD202}
		{B4442D60-FFA2-4FCD-8BFD-43A43152FFDD} = {E7994CA2-F3D3-4F52-A3CE-382FD44BD202}
		{998ABFD4-7AE1-430D-86C5-787CA9B7CBED} = {E7994CA2-F3D3-4F52-A3CE-382FD44BD202}
		{8B859185-076A-4621-84CA-EB9C8588356F} = {77DD1024-6622-4372-B521-055D052D6181}
		{AB82D583-1404-4E5A-B4E5-A26368E99C11} = {77DD1024-6622-4372-B521-055D052D6181}
		{2E177A6A-7F93-4213-B4C6-1E7BFBB7072C} = {77DD1024-6622-4372-B521-055D052D6181}
		{57B00F5A-2212-4BC0-89EE-8D3F854353E4} = {978052C5-4044-4451-AEBA-7BAA7F07AD49}
		{B3F91EAE-3E7C-4454-9436-D7302CEBA0EA} = {978052C5-4044-4451-AEBA-7BAA7F07AD49}
		{F8582D40-4EB0-44CC-AB71-3D5F9B998E41} = {978052C5-4044-4451-AEBA-7BAA7F07AD49}
	EndGlobalSection
	GlobalSection(ExtensibilityGlobals) = postSolution
		SolutionGuid = {7EFCA8AE-14ED-420F-B620-226B4FA7040D}
	EndGlobalSection
EndGlobal
